
Microsoft Visual Studio Solution File, Format Version 12.00
Project("{FAE04EC0-301F-11D3-BF4B-00C04F79EFBC}") = "app", "app\app.csproj", "{BAC19575-7B0D-4E5A-B2E5-DB258A2C42FB}"
EndProject
Global
	GlobalSection(SolutionConfigurationPlatforms) = preSolution
		Debug|Any CPU = Debug|Any CPU
		Release|Any CPU = Release|Any CPU
	EndGlobalSection
	GlobalSection(ProjectConfigurationPlatforms) = postSolution
		{BAC19575-7B0D-4E5A-B2E5-DB258A2C42FB}.Debug|Any CPU.ActiveCfg = Debug|Any CPU
		{BAC19575-7B0D-4E5A-B2E5-DB258A2C42FB}.Debug|Any CPU.Build.0 = Debug|Any CPU
		{BAC19575-7B0D-4E5A-B2E5-DB258A2C42FB}.Release|Any CPU.ActiveCfg = Release|Any CPU
		{BAC19575-7B0D-4E5A-B2E5-DB258A2C42FB}.Release|Any CPU.Build.0 = Release|Any CPU
	EndGlobalSection
EndGlobal
